
Microsoft Visual Studio Solution File, Format Version 12.00
# Visual Studio Version 17
VisualStudioVersion = 17.13.35931.197 d17.13
MinimumVisualStudioVersion = 10.0.40219.1
Project("{FAE04EC0-301F-11D3-BF4B-00C04F79EFBC}") = "WpfApp2", "WpfApp2.csproj", "{48B1A43C-1433-4990-98AB-B5E411DD17A5}"
EndProject
Global
	GlobalSection(SolutionConfigurationPlatforms) = preSolution
		Debug|Any CPU = Debug|Any CPU
		Release|Any CPU = Release|Any CPU
	EndGlobalSection
	GlobalSection(ProjectConfigurationPlatforms) = postSolution
		{48B1A43C-1433-4990-98AB-B5E411DD17A5}.Debug|Any CPU.ActiveCfg = Debug|Any CPU
		{48B1A43C-1433-4990-98AB-B5E411DD17A5}.Debug|Any CPU.Build.0 = Debug|Any CPU
		{48B1A43C-1433-4990-98AB-B5E411DD17A5}.Release|Any CPU.ActiveCfg = Release|Any CPU
		{48B1A43C-1433-4990-98AB-B5E411DD17A5}.Release|Any CPU.Build.0 = Release|Any CPU
	EndGlobalSection
	GlobalSection(SolutionProperties) = preSolution
		HideSolutionNode = FALSE
	EndGlobalSection
	GlobalSection(ExtensibilityGlobals) = postSolution
		SolutionGuid = {7F571165-EB43-418E-8D8E-93272B0ED9D9}
	EndGlobalSection
EndGlobal
